
Microsoft Visual Studio Solution File, Format Version 12.00
# Visual Studio Version 17
VisualStudioVersion = 17.5.33516.290
MinimumVisualStudioVersion = 10.0.40219.1
Project("{FAE04EC0-301F-11D3-BF4B-00C04F79EFBC}") = "HoanBds", "HoanBds.csproj", "{15E15EEF-B609-4730-81EE-5D1221ED488E}"
EndProject
Global
	GlobalSection(SolutionConfigurationPlatforms) = preSolution
		Debug|Any CPU = Debug|Any CPU
		Release|Any CPU = Release|Any CPU
	EndGlobalSection
	GlobalSection(ProjectConfigurationPlatforms) = postSolution
		{15E15EEF-B609-4730-81EE-5D1221ED488E}.Debug|Any CPU.ActiveCfg = Debug|Any CPU
		{15E15EEF-B609-4730-81EE-5D1221ED488E}.Debug|Any CPU.Build.0 = Debug|Any CPU
		{15E15EEF-B609-4730-81EE-5D1221ED488E}.Release|Any CPU.ActiveCfg = Release|Any CPU
		{15E15EEF-B609-4730-81EE-5D1221ED488E}.Release|Any CPU.Build.0 = Release|Any CPU
	EndGlobalSection
	GlobalSection(SolutionProperties) = preSolution
		HideSolutionNode = FALSE
	EndGlobalSection
	GlobalSection(ExtensibilityGlobals) = postSolution
		SolutionGuid = {210062DB-35E5-4224-9188-CE52395818D9}
	EndGlobalSection
EndGlobal
